
Microsoft Visual Studio Solution File, Format Version 12.00
# Visual Studio Version 17
VisualStudioVersion = 17.11.35327.3
MinimumVisualStudioVersion = 10.0.40219.1
Project("{9A19103F-16F7-4668-BE54-9A1E7A4F7556}") = "PrimeiroPrograma", "PrimeiroPrograma\PrimeiroPrograma.csproj", "{D27ADE9D-F2E8-4AFD-8B73-052FE9B392DB}"
EndProject
Project("{9A19103F-16F7-4668-BE54-9A1E7A4F7556}") = "StatusAluno", "StatusAluno\StatusAluno.csproj", "{632175FD-594D-4103-90A4-F6D42862F38E}"
EndProject
Project("{9A19103F-16F7-4668-BE54-9A1E7A4F7556}") = "EX2", "EX2\EX2.csproj", "{5920DE4D-EC81-4D2D-BC40-5D6AF32445AB}"
EndProject
Project("{9A19103F-16F7-4668-BE54-9A1E7A4F7556}") = "EX3", "EX3\EX3.csproj", "{5310D407-BE2E-4DD2-9F68-31B29BD75CD1}"
EndProject
Project("{FAE04EC0-301F-11D3-BF4B-00C04F79EFBC}") = "EX4", "EX4\EX4.csproj", "{DA2CA14F-293C-4B13-8A8A-D1FF2B777FE3}"
EndProject
Project("{FAE04EC0-301F-11D3-BF4B-00C04F79EFBC}") = "EX5", "EX5\EX5.csproj", "{7771F4BB-7379-47D4-B714-9EFED4C68AC2}"
EndProject
Project("{FAE04EC0-301F-11D3-BF4B-00C04F79EFBC}") = "EX6", "EX6\EX6.csproj", "{BF50CCD2-DAC1-4B46-8787-282A34A4B6B2}"
EndProject
Project("{FAE04EC0-301F-11D3-BF4B-00C04F79EFBC}") = "EX7", "EX7\EX7.csproj", "{97E3FA00-0F57-47C4-BCA3-419D9EBF516E}"
EndProject
Project("{FAE04EC0-301F-11D3-BF4B-00C04F79EFBC}") = "EX8", "EX8\EX8.csproj", "{A5B2DB2C-BA4B-4A2B-A9D0-99EF6EDE4A94}"
EndProject
Project("{FAE04EC0-301F-11D3-BF4B-00C04F79EFBC}") = "EX9", "EX9\EX9.csproj", "{DCE00BCF-9F83-483B-82DB-40C608F46A5E}"
EndProject
Project("{FAE04EC0-301F-11D3-BF4B-00C04F79EFBC}") = "EX10", "EX10\EX10.csproj", "{BE854398-62E4-4AEE-A040-2353C52C5AC3}"
EndProject
Project("{FAE04EC0-301F-11D3-BF4B-00C04F79EFBC}") = "EX11", "EX11\EX11.csproj", "{E3508C5D-BD52-45A0-B8E3-E00DFFC7A43F}"
EndProject
Project("{FAE04EC0-301F-11D3-BF4B-00C04F79EFBC}") = "EX12", "EX12\EX12.csproj", "{4BC846DF-D494-4A05-B140-E5F8B962E2DE}"
EndProject
Global
	GlobalSection(SolutionConfigurationPlatforms) = preSolution
		Debug|Any CPU = Debug|Any CPU
		Release|Any CPU = Release|Any CPU
	EndGlobalSection
	GlobalSection(ProjectConfigurationPlatforms) = postSolution
		{D27ADE9D-F2E8-4AFD-8B73-052FE9B392DB}.Debug|Any CPU.ActiveCfg = Debug|Any CPU
		{D27ADE9D-F2E8-4AFD-8B73-052FE9B392DB}.Debug|Any CPU.Build.0 = Debug|Any CPU
		{D27ADE9D-F2E8-4AFD-8B73-052FE9B392DB}.Release|Any CPU.ActiveCfg = Release|Any CPU
		{D27ADE9D-F2E8-4AFD-8B73-052FE9B392DB}.Release|Any CPU.Build.0 = Release|Any CPU
		{632175FD-594D-4103-90A4-F6D42862F38E}.Debug|Any CPU.ActiveCfg = Debug|Any CPU
		{632175FD-594D-4103-90A4-F6D42862F38E}.Debug|Any CPU.Build.0 = Debug|Any CPU
		{632175FD-594D-4103-90A4-F6D42862F38E}.Release|Any CPU.ActiveCfg = Release|Any CPU
		{632175FD-594D-4103-90A4-F6D42862F38E}.Release|Any CPU.Build.0 = Release|Any CPU
		{5920DE4D-EC81-4D2D-BC40-5D6AF32445AB}.Debug|Any CPU.ActiveCfg = Debug|Any CPU
		{5920DE4D-EC81-4D2D-BC40-5D6AF32445AB}.Debug|Any CPU.Build.0 = Debug|Any CPU
		{5920DE4D-EC81-4D2D-BC40-5D6AF32445AB}.Release|Any CPU.ActiveCfg = Release|Any CPU
		{5920DE4D-EC81-4D2D-BC40-5D6AF32445AB}.Release|Any CPU.Build.0 = Release|Any CPU
		{5310D407-BE2E-4DD2-9F68-31B29BD75CD1}.Debug|Any CPU.ActiveCfg = Debug|Any CPU
		{5310D407-BE2E-4DD2-9F68-31B29BD75CD1}.Debug|Any CPU.Build.0 = Debug|Any CPU
		{5310D407-BE2E-4DD2-9F68-31B29BD75CD1}.Release|Any CPU.ActiveCfg = Release|Any CPU
		{5310D407-BE2E-4DD2-9F68-31B29BD75CD1}.Release|Any CPU.Build.0 = Release|Any CPU
		{DA2CA14F-293C-4B13-8A8A-D1FF2B777FE3}.Debug|Any CPU.ActiveCfg = Debug|Any CPU
		{DA2CA14F-293C-4B13-8A8A-D1FF2B777FE3}.Debug|Any CPU.Build.0 = Debug|Any CPU
		{DA2CA14F-293C-4B13-8A8A-D1FF2B777FE3}.Release|Any CPU.ActiveCfg = Release|Any CPU
		{DA2CA14F-293C-4B13-8A8A-D1FF2B777FE3}.Release|Any CPU.Build.0 = Release|Any CPU
		{7771F4BB-7379-47D4-B714-9EFED4C68AC2}.Debug|Any CPU.ActiveCfg = Debug|Any CPU
		{7771F4BB-7379-47D4-B714-9EFED4C68AC2}.Debug|Any CPU.Build.0 = Debug|Any CPU
		{7771F4BB-7379-47D4-B714-9EFED4C68AC2}.Release|Any CPU.ActiveCfg = Release|Any CPU
		{7771F4BB-7379-47D4-B714-9EFED4C68AC2}.Release|Any CPU.Build.0 = Release|Any CPU
		{BF50CCD2-DAC1-4B46-8787-282A34A4B6B2}.Debug|Any CPU.ActiveCfg = Debug|Any CPU
		{BF50CCD2-DAC1-4B46-8787-282A34A4B6B2}.Debug|Any CPU.Build.0 = Debug|Any CPU
		{BF50CCD2-DAC1-4B46-8787-282A34A4B6B2}.Release|Any CPU.ActiveCfg = Release|Any CPU
		{BF50CCD2-DAC1-4B46-8787-282A34A4B6B2}.Release|Any CPU.Build.0 = Release|Any CPU
		{97E3FA00-0F57-47C4-BCA3-419D9EBF516E}.Debug|Any CPU.ActiveCfg = Debug|Any CPU
		{97E3FA00-0F57-47C4-BCA3-419D9EBF516E}.Debug|Any CPU.Build.0 = Debug|Any CPU
		{97E3FA00-0F57-47C4-BCA3-419D9EBF516E}.Release|Any CPU.ActiveCfg = Release|Any CPU
		{97E3FA00-0F57-47C4-BCA3-419D9EBF516E}.Release|Any CPU.Build.0 = Release|Any CPU
		{A5B2DB2C-BA4B-4A2B-A9D0-99EF6EDE4A94}.Debug|Any CPU.ActiveCfg = Debug|Any CPU
		{A5B2DB2C-BA4B-4A2B-A9D0-99EF6EDE4A94}.Debug|Any CPU.Build.0 = Debug|Any CPU
		{A5B2DB2C-BA4B-4A2B-A9D0-99EF6EDE4A94}.Release|Any CPU.ActiveCfg = Release|Any CPU
		{A5B2DB2C-BA4B-4A2B-A9D0-99EF6EDE4A94}.Release|Any CPU.Build.0 = Release|Any CPU
		{DCE00BCF-9F83-483B-82DB-40C608F46A5E}.Debug|Any CPU.ActiveCfg = Debug|Any CPU
		{DCE00BCF-9F83-483B-82DB-40C608F46A5E}.Debug|Any CPU.Build.0 = Debug|Any CPU
		{DCE00BCF-9F83-483B-82DB-40C608F46A5E}.Release|Any CPU.ActiveCfg = Release|Any CPU
		{DCE00BCF-9F83-483B-82DB-40C608F46A5E}.Release|Any CPU.Build.0 = Release|Any CPU
		{BE854398-62E4-4AEE-A040-2353C52C5AC3}.Debug|Any CPU.ActiveCfg = Debug|Any CPU
		{BE854398-62E4-4AEE-A040-2353C52C5AC3}.Debug|Any CPU.Build.0 = Debug|Any CPU
		{BE854398-62E4-4AEE-A040-2353C52C5AC3}.Release|Any CPU.ActiveCfg = Release|Any CPU
		{BE854398-62E4-4AEE-A040-2353C52C5AC3}.Release|Any CPU.Build.0 = Release|Any CPU
		{E3508C5D-BD52-45A0-B8E3-E00DFFC7A43F}.Debug|Any CPU.ActiveCfg = Debug|Any CPU
		{E3508C5D-BD52-45A0-B8E3-E00DFFC7A43F}.Debug|Any CPU.Build.0 = Debug|Any CPU
		{E3508C5D-BD52-45A0-B8E3-E00DFFC7A43F}.Release|Any CPU.ActiveCfg = Release|Any CPU
		{E3508C5D-BD52-45A0-B8E3-E00DFFC7A43F}.Release|Any CPU.Build.0 = Release|Any CPU
		{4BC846DF-D494-4A05-B140-E5F8B962E2DE}.Debug|Any CPU.ActiveCfg = Debug|Any CPU
		{4BC846DF-D494-4A05-B140-E5F8B962E2DE}.Debug|Any CPU.Build.0 = Debug|Any CPU
		{4BC846DF-D494-4A05-B140-E5F8B962E2DE}.Release|Any CPU.ActiveCfg = Release|Any CPU
		{4BC846DF-D494-4A05-B140-E5F8B962E2DE}.Release|Any CPU.Build.0 = Release|Any CPU
	EndGlobalSection
	GlobalSection(SolutionProperties) = preSolution
		HideSolutionNode = FALSE
	EndGlobalSection
	GlobalSection(ExtensibilityGlobals) = postSolution
		SolutionGuid = {982F59C0-E1E5-4D0C-A725-A319945DAB3A}
	EndGlobalSection
EndGlobal
