
Microsoft Visual Studio Solution File, Format Version 12.00
# Visual Studio Version 17
VisualStudioVersion = 17.11.35327.3
MinimumVisualStudioVersion = 10.0.40219.1
Project("{9A19103F-16F7-4668-BE54-9A1E7A4F7556}") = "PrimeiroPrograma", "PrimeiroPrograma\PrimeiroPrograma.csproj", "{D27ADE9D-F2E8-4AFD-8B73-052FE9B392DB}"
EndProject
Project("{9A19103F-16F7-4668-BE54-9A1E7A4F7556}") = "StatusAluno", "StatusAluno\StatusAluno.csproj", "{632175FD-594D-4103-90A4-F6D42862F38E}"
EndProject
Project("{9A19103F-16F7-4668-BE54-9A1E7A4F7556}") = "EX2", "EX2\EX2.csproj", "{5920DE4D-EC81-4D2D-BC40-5D6AF32445AB}"
EndProject
Project("{9A19103F-16F7-4668-BE54-9A1E7A4F7556}") = "EX3", "EX3\EX3.csproj", "{5310D407-BE2E-4DD2-9F68-31B29BD75CD1}"
EndProject
Project("{FAE04EC0-301F-11D3-BF4B-00C04F79EFBC}") = "EX4", "EX4\EX4.csproj", "{DA2CA14F-293C-4B13-8A8A-D1FF2B777FE3}"
EndProject
Global
	GlobalSection(SolutionConfigurationPlatforms) = preSolution
		Debug|Any CPU = Debug|Any CPU
		Release|Any CPU = Release|Any CPU
	EndGlobalSection
	GlobalSection(ProjectConfigurationPlatforms) = postSolution
		{D27ADE9D-F2E8-4AFD-8B73-052FE9B392DB}.Debug|Any CPU.ActiveCfg = Debug|Any CPU
		{D27ADE9D-F2E8-4AFD-8B73-052FE9B392DB}.Debug|Any CPU.Build.0 = Debug|Any CPU
		{D27ADE9D-F2E8-4AFD-8B73-052FE9B392DB}.Release|Any CPU.ActiveCfg = Release|Any CPU
		{D27ADE9D-F2E8-4AFD-8B73-052FE9B392DB}.Release|Any CPU.Build.0 = Release|Any CPU
		{632175FD-594D-4103-90A4-F6D42862F38E}.Debug|Any CPU.ActiveCfg = Debug|Any CPU
		{632175FD-594D-4103-90A4-F6D42862F38E}.Debug|Any CPU.Build.0 = Debug|Any CPU
		{632175FD-594D-4103-90A4-F6D42862F38E}.Release|Any CPU.ActiveCfg = Release|Any CPU
		{632175FD-594D-4103-90A4-F6D42862F38E}.Release|Any CPU.Build.0 = Release|Any CPU
		{5920DE4D-EC81-4D2D-BC40-5D6AF32445AB}.Debug|Any CPU.ActiveCfg = Debug|Any CPU
		{5920DE4D-EC81-4D2D-BC40-5D6AF32445AB}.Debug|Any CPU.Build.0 = Debug|Any CPU
		{5920DE4D-EC81-4D2D-BC40-5D6AF32445AB}.Release|Any CPU.ActiveCfg = Release|Any CPU
		{5920DE4D-EC81-4D2D-BC40-5D6AF32445AB}.Release|Any CPU.Build.0 = Release|Any CPU
		{5310D407-BE2E-4DD2-9F68-31B29BD75CD1}.Debug|Any CPU.ActiveCfg = Debug|Any CPU
		{5310D407-BE2E-4DD2-9F68-31B29BD75CD1}.Debug|Any CPU.Build.0 = Debug|Any CPU
		{5310D407-BE2E-4DD2-9F68-31B29BD75CD1}.Release|Any CPU.ActiveCfg = Release|Any CPU
		{5310D407-BE2E-4DD2-9F68-31B29BD75CD1}.Release|Any CPU.Build.0 = Release|Any CPU
		{DA2CA14F-293C-4B13-8A8A-D1FF2B777FE3}.Debug|Any CPU.ActiveCfg = Debug|Any CPU
		{DA2CA14F-293C-4B13-8A8A-D1FF2B777FE3}.Debug|Any CPU.Build.0 = Debug|Any CPU
		{DA2CA14F-293C-4B13-8A8A-D1FF2B777FE3}.Release|Any CPU.ActiveCfg = Release|Any CPU
		{DA2CA14F-293C-4B13-8A8A-D1FF2B777FE3}.Release|Any CPU.Build.0 = Release|Any CPU
	EndGlobalSection
	GlobalSection(SolutionProperties) = preSolution
		HideSolutionNode = FALSE
	EndGlobalSection
	GlobalSection(ExtensibilityGlobals) = postSolution
		SolutionGuid = {982F59C0-E1E5-4D0C-A725-A319945DAB3A}
	EndGlobalSection
EndGlobal
